Microsoft Visual Studio Solution File, Format Version 12.00
# Visual Studio Version 17
VisualStudioVersion = 17.5.2.0
MinimumVisualStudioVersion = 10.0.40219.1
Project("{FAE04EC0-301F-11D3-BF4B-00C04F79EFBC}") = "uartDotnet", "uartDotnet.csproj", "{A3AB6F7C-14FA-4103-D5D0-C25BD9D3FBCA}"
EndProject
Global
	GlobalSection(SolutionConfigurationPlatforms) = preSolution
		Debug|Any CPU = Debug|Any CPU
		Release|Any CPU = Release|Any CPU
	EndGlobalSection
	GlobalSection(ProjectConfigurationPlatforms) = postSolution
		{A3AB6F7C-14FA-4103-D5D0-C25BD9D3FBCA}.Debug|Any CPU.ActiveCfg = Debug|Any CPU
		{A3AB6F7C-14FA-4103-D5D0-C25BD9D3FBCA}.Debug|Any CPU.Build.0 = Debug|Any CPU
		{A3AB6F7C-14FA-4103-D5D0-C25BD9D3FBCA}.Release|Any CPU.ActiveCfg = Release|Any CPU
		{A3AB6F7C-14FA-4103-D5D0-C25BD9D3FBCA}.Release|Any CPU.Build.0 = Release|Any CPU
	EndGlobalSection
	GlobalSection(SolutionProperties) = preSolution
		HideSolutionNode = FALSE
	EndGlobalSection
	GlobalSection(ExtensibilityGlobals) = postSolution
		SolutionGuid = {56D60ED1-EED7-4EB6-A79E-F4E749FA677A}
	EndGlobalSection
EndGlobal
